
Microsoft Visual Studio Solution File, Format Version 12.00
# Visual Studio 2013
VisualStudioVersion = 12.0.21005.1
MinimumVisualStudioVersion = 10.0.40219.1
Project("{FAE04EC0-301F-11D3-BF4B-00C04F79EFBC}") = "Convert_Celsius_Fahrenheit", "Convert_Celsius_Fahrenheit\Convert_Celsius_Fahrenheit.csproj", "{BFB9C991-B0B6-421B-923C-0ED217E2E409}"
EndProject
Global
	GlobalSection(SolutionConfigurationPlatforms) = preSolution
		Debug|Any CPU = Debug|Any CPU
		Release|Any CPU = Release|Any CPU
	EndGlobalSection
	GlobalSection(ProjectConfigurationPlatforms) = postSolution
		{BFB9C991-B0B6-421B-923C-0ED217E2E409}.Debug|Any CPU.ActiveCfg = Debug|Any CPU
		{BFB9C991-B0B6-421B-923C-0ED217E2E409}.Debug|Any CPU.Build.0 = Debug|Any CPU
		{BFB9C991-B0B6-421B-923C-0ED217E2E409}.Release|Any CPU.ActiveCfg = Release|Any CPU
		{BFB9C991-B0B6-421B-923C-0ED217E2E409}.Release|Any CPU.Build.0 = Release|Any CPU
	EndGlobalSection
	GlobalSection(SolutionProperties) = preSolution
		HideSolutionNode = FALSE
	EndGlobalSection
EndGlobal
